
Microsoft Visual Studio Solution File, Format Version 12.00
# Visual Studio Version 16
VisualStudioVersion = 16.0.31911.196
MinimumVisualStudioVersion = 10.0.40219.1
Project("{888888A0-9F3D-457C-B088-3A5042F75D52}") = "What is Python", "What is Python.pyproj", "{C96EB676-B6B9-4325-978B-8169E94ABF54}"
EndProject
Global
	GlobalSection(SolutionConfigurationPlatforms) = preSolution
		Debug|Any CPU = Debug|Any CPU
		Release|Any CPU = Release|Any CPU
	EndGlobalSection
	GlobalSection(ProjectConfigurationPlatforms) = postSolution
		{C96EB676-B6B9-4325-978B-8169E94ABF54}.Debug|Any CPU.ActiveCfg = Debug|Any CPU
		{C96EB676-B6B9-4325-978B-8169E94ABF54}.Release|Any CPU.ActiveCfg = Release|Any CPU
	EndGlobalSection
	GlobalSection(SolutionProperties) = preSolution
		HideSolutionNode = FALSE
	EndGlobalSection
	GlobalSection(ExtensibilityGlobals) = postSolution
		SolutionGuid = {344B0E5A-8BF5-466D-8E21-CB37D6DAA5DD}
	EndGlobalSection
EndGlobal
